// !$*UTF8*$!
{
	archiveVersion = 1;
	classes = {
	};
	objectVersion = 56;
	objects = {

/* Begin PBXBuildFile section */
		0449E3ED2971FA3A0045010A /* APIFetcherUnitTests.swift in Sources */ = {isa = PBXBuildFile; fileRef = 0449E3EC2971FA3A0045010A /* APIFetcherUnitTests.swift */; };
		0452CEA229719EE80074F19F /* Rick_MortyApp.swift in Sources */ = {isa = PBXBuildFile; fileRef = 0452CEA129719EE80074F19F /* Rick_MortyApp.swift */; };
		0452CEA629719EE90074F19F /* Assets.xcassets in Resources */ = {isa = PBXBuildFile; fileRef = 0452CEA529719EE90074F19F /* Assets.xcassets */; };
		0452CEA929719EE90074F19F /* Preview Assets.xcassets in Resources */ = {isa = PBXBuildFile; fileRef = 0452CEA829719EE90074F19F /* Preview Assets.xcassets */; };
		0452CEAB29719EE90074F19F /* Persistence.swift in Sources */ = {isa = PBXBuildFile; fileRef = 0452CEAA29719EE90074F19F /* Persistence.swift */; };
		0452CEAE29719EE90074F19F /* Rick_Morty.xcdatamodeld in Sources */ = {isa = PBXBuildFile; fileRef = 0452CEAC29719EE90074F19F /* Rick_Morty.xcdatamodeld */; };
		0452CEB829719EE90074F19F /* Rick_MortyTests.swift in Sources */ = {isa = PBXBuildFile; fileRef = 0452CEB729719EE90074F19F /* Rick_MortyTests.swift */; };
		0452CEC229719EE90074F19F /* Rick_MortyUITests.swift in Sources */ = {isa = PBXBuildFile; fileRef = 0452CEC129719EE90074F19F /* Rick_MortyUITests.swift */; };
		0452CEC429719EE90074F19F /* Rick_MortyUITestsLaunchTests.swift in Sources */ = {isa = PBXBuildFile; fileRef = 0452CEC329719EE90074F19F /* Rick_MortyUITestsLaunchTests.swift */; };
		0452CED12971A1A10074F19F /* APIFetcher.swift in Sources */ = {isa = PBXBuildFile; fileRef = 0452CED02971A1A10074F19F /* APIFetcher.swift */; };
		0452CED32971A2650074F19F /* Model.swift in Sources */ = {isa = PBXBuildFile; fileRef = 0452CED22971A2650074F19F /* Model.swift */; };
		0452CED52971C76E0074F19F /* MainView.swift in Sources */ = {isa = PBXBuildFile; fileRef = 0452CED42971C76E0074F19F /* MainView.swift */; };
/* End PBXBuildFile section */

/* Begin PBXContainerItemProxy section */
		0452CEB429719EE90074F19F /* PBXContainerItemProxy */ = {
			isa = PBXContainerItemProxy;
			containerPortal = 0452CE9629719EE70074F19F /* Project object */;
			proxyType = 1;
			remoteGlobalIDString = 0452CE9D29719EE70074F19F;
			remoteInfo = "Rick&Morty";
		};
		0452CEBE29719EE90074F19F /* PBXContainerItemProxy */ = {
			isa = PBXContainerItemProxy;
			containerPortal = 0452CE9629719EE70074F19F /* Project object */;
			proxyType = 1;
			remoteGlobalIDString = 0452CE9D29719EE70074F19F;
			remoteInfo = "Rick&Morty";
		};
/* End PBXContainerItemProxy section */

/* Begin PBXFileReference section */
		0449E3EB2971EC460045010A /* Rick-Morty-Info.plist */ = {isa = PBXFileReference; lastKnownFileType = text.plist; path = "Rick-Morty-Info.plist"; sourceTree = SOURCE_ROOT; };
		0449E3EC2971FA3A0045010A /* APIFetcherUnitTests.swift */ = {isa = PBXFileReference; lastKnownFileType = sourcecode.swift; path = APIFetcherUnitTests.swift; sourceTree = "<group>"; };
		0452CE9E29719EE80074F19F /* Rick&Morty.app */ = {isa = PBXFileReference; explicitFileType = wrapper.application; includeInIndex = 0; path = "Rick&Morty.app"; sourceTree = BUILT_PRODUCTS_DIR; };
		0452CEA129719EE80074F19F /* Rick_MortyApp.swift */ = {isa = PBXFileReference; lastKnownFileType = sourcecode.swift; path = Rick_MortyApp.swift; sourceTree = "<group>"; };
		0452CEA529719EE90074F19F /* Assets.xcassets */ = {isa = PBXFileReference; lastKnownFileType = folder.assetcatalog; path = Assets.xcassets; sourceTree = "<group>"; };
		0452CEA829719EE90074F19F /* Preview Assets.xcassets */ = {isa = PBXFileReference; lastKnownFileType = folder.assetcatalog; path = "Preview Assets.xcassets"; sourceTree = "<group>"; };
		0452CEAA29719EE90074F19F /* Persistence.swift */ = {isa = PBXFileReference; lastKnownFileType = sourcecode.swift; path = Persistence.swift; sourceTree = "<group>"; };
		0452CEAD29719EE90074F19F /* Rick_Morty.xcdatamodel */ = {isa = PBXFileReference; lastKnownFileType = wrapper.xcdatamodel; path = Rick_Morty.xcdatamodel; sourceTree = "<group>"; };
		0452CEB329719EE90074F19F /* Rick&MortyTests.xctest */ = {isa = PBXFileReference; explicitFileType = wrapper.cfbundle; includeInIndex = 0; path = "Rick&MortyTests.xctest"; sourceTree = BUILT_PRODUCTS_DIR; };
		0452CEB729719EE90074F19F /* Rick_MortyTests.swift */ = {isa = PBXFileReference; lastKnownFileType = sourcecode.swift; path = Rick_MortyTests.swift; sourceTree = "<group>"; };
		0452CEBD29719EE90074F19F /* Rick&MortyUITests.xctest */ = {isa = PBXFileReference; explicitFileType = wrapper.cfbundle; includeInIndex = 0; path = "Rick&MortyUITests.xctest"; sourceTree = BUILT_PRODUCTS_DIR; };
		0452CEC129719EE90074F19F /* Rick_MortyUITests.swift */ = {isa = PBXFileReference; lastKnownFileType = sourcecode.swift; path = Rick_MortyUITests.swift; sourceTree = "<group>"; };
		0452CEC329719EE90074F19F /* Rick_MortyUITestsLaunchTests.swift */ = {isa = PBXFileReference; lastKnownFileType = sourcecode.swift; path = Rick_MortyUITestsLaunchTests.swift; sourceTree = "<group>"; };
		0452CED02971A1A10074F19F /* APIFetcher.swift */ = {isa = PBXFileReference; lastKnownFileType = sourcecode.swift; path = APIFetcher.swift; sourceTree = "<group>"; };
		0452CED22971A2650074F19F /* Model.swift */ = {isa = PBXFileReference; lastKnownFileType = sourcecode.swift; path = Model.swift; sourceTree = "<group>"; };
		0452CED42971C76E0074F19F /* MainView.swift */ = {isa = PBXFileReference; lastKnownFileType = sourcecode.swift; path = MainView.swift; sourceTree = "<group>"; };
/* End PBXFileReference section */

/* Begin PBXFrameworksBuildPhase section */
		0452CE9B29719EE70074F19F /* Frameworks */ = {
			isa = PBXFrameworksBuildPhase;
			buildActionMask = 2147483647;
			files = (
			);
			runOnlyForDeploymentPostprocessing = 0;
		};
		0452CEB029719EE90074F19F /* Frameworks */ = {
			isa = PBXFrameworksBuildPhase;
			buildActionMask = 2147483647;
			files = (
			);
			runOnlyForDeploymentPostprocessing = 0;
		};
		0452CEBA29719EE90074F19F /* Frameworks */ = {
			isa = PBXFrameworksBuildPhase;
			buildActionMask = 2147483647;
			files = (
			);
			runOnlyForDeploymentPostprocessing = 0;
		};
/* End PBXFrameworksBuildPhase section */

/* Begin PBXGroup section */
		0452CE9529719EE70074F19F = {
			isa = PBXGroup;
			children = (
				0452CEA029719EE80074F19F /* Rick&Morty */,
				0452CEB629719EE90074F19F /* Rick&MortyTests */,
				0452CEC029719EE90074F19F /* Rick&MortyUITests */,
				0452CE9F29719EE80074F19F /* Products */,
			);
			sourceTree = "<group>";
		};
		0452CE9F29719EE80074F19F /* Products */ = {
			isa = PBXGroup;
			children = (
				0452CE9E29719EE80074F19F /* Rick&Morty.app */,
				0452CEB329719EE90074F19F /* Rick&MortyTests.xctest */,
				0452CEBD29719EE90074F19F /* Rick&MortyUITests.xctest */,
			);
			name = Products;
			sourceTree = "<group>";
		};
		0452CEA029719EE80074F19F /* Rick&Morty */ = {
			isa = PBXGroup;
			children = (
				0449E3EB2971EC460045010A /* Rick-Morty-Info.plist */,
				0452CEA129719EE80074F19F /* Rick_MortyApp.swift */,
				0452CED42971C76E0074F19F /* MainView.swift */,
				0452CED22971A2650074F19F /* Model.swift */,
				0452CED02971A1A10074F19F /* APIFetcher.swift */,
				0452CEA529719EE90074F19F /* Assets.xcassets */,
				0452CEAA29719EE90074F19F /* Persistence.swift */,
				0452CEAC29719EE90074F19F /* Rick_Morty.xcdatamodeld */,
				0452CEA729719EE90074F19F /* Preview Content */,
			);
			path = "Rick&Morty";
			sourceTree = "<group>";
		};
		0452CEA729719EE90074F19F /* Preview Content */ = {
			isa = PBXGroup;
			children = (
				0452CEA829719EE90074F19F /* Preview Assets.xcassets */,
			);
			path = "Preview Content";
			sourceTree = "<group>";
		};
		0452CEB629719EE90074F19F /* Rick&MortyTests */ = {
			isa = PBXGroup;
			children = (
				0452CEB729719EE90074F19F /* Rick_MortyTests.swift */,
				0449E3EC2971FA3A0045010A /* APIFetcherUnitTests.swift */,
			);
			path = "Rick&MortyTests";
			sourceTree = "<group>";
		};
		0452CEC029719EE90074F19F /* Rick&MortyUITests */ = {
			isa = PBXGroup;
			children = (
				0452CEC129719EE90074F19F /* Rick_MortyUITests.swift */,
				0452CEC329719EE90074F19F /* Rick_MortyUITestsLaunchTests.swift */,
			);
			path = "Rick&MortyUITests";
			sourceTree = "<group>";
		};
/* End PBXGroup section */

/* Begin PBXNativeTarget section */
		0452CE9D29719EE70074F19F /* Rick&Morty */ = {
			isa = PBXNativeTarget;
			buildConfigurationList = 0452CEC729719EE90074F19F /* Build configuration list for PBXNativeTarget "Rick&Morty" */;
			buildPhases = (
				0452CE9A29719EE70074F19F /* Sources */,
				0452CE9B29719EE70074F19F /* Frameworks */,
				0452CE9C29719EE70074F19F /* Resources */,
			);
			buildRules = (
			);
			dependencies = (
			);
			name = "Rick&Morty";
			productName = "Rick&Morty";
			productReference = 0452CE9E29719EE80074F19F /* Rick&Morty.app */;
			productType = "com.apple.product-type.application";
		};
		0452CEB229719EE90074F19F /* Rick&MortyTests */ = {
			isa = PBXNativeTarget;
			buildConfigurationList = 0452CECA29719EE90074F19F /* Build configuration list for PBXNativeTarget "Rick&MortyTests" */;
			buildPhases = (
				0452CEAF29719EE90074F19F /* Sources */,
				0452CEB029719EE90074F19F /* Frameworks */,
				0452CEB129719EE90074F19F /* Resources */,
			);
			buildRules = (
			);
			dependencies = (
				0452CEB529719EE90074F19F /* PBXTargetDependency */,
			);
			name = "Rick&MortyTests";
			productName = "Rick&MortyTests";
			productReference = 0452CEB329719EE90074F19F /* Rick&MortyTests.xctest */;
			productType = "com.apple.product-type.bundle.unit-test";
		};
		0452CEBC29719EE90074F19F /* Rick&MortyUITests */ = {
			isa = PBXNativeTarget;
			buildConfigurationList = 0452CECD29719EE90074F19F /* Build configuration list for PBXNativeTarget "Rick&MortyUITests" */;
			buildPhases = (
				0452CEB929719EE90074F19F /* Sources */,
				0452CEBA29719EE90074F19F /* Frameworks */,
				0452CEBB29719EE90074F19F /* Resources */,
			);
			buildRules = (
			);
			dependencies = (
				0452CEBF29719EE90074F19F /* PBXTargetDependency */,
			);
			name = "Rick&MortyUITests";
			productName = "Rick&MortyUITests";
			productReference = 0452CEBD29719EE90074F19F /* Rick&MortyUITests.xctest */;
			productType = "com.apple.product-type.bundle.ui-testing";
		};
/* End PBXNativeTarget section */

/* Begin PBXProject section */
		0452CE9629719EE70074F19F /* Project object */ = {
			isa = PBXProject;
			attributes = {
				BuildIndependentTargetsInParallel = 1;
				LastSwiftUpdateCheck = 1420;
				LastUpgradeCheck = 1420;
				TargetAttributes = {
					0452CE9D29719EE70074F19F = {
						CreatedOnToolsVersion = 14.2;
					};
					0452CEB229719EE90074F19F = {
						CreatedOnToolsVersion = 14.2;
						TestTargetID = 0452CE9D29719EE70074F19F;
					};
					0452CEBC29719EE90074F19F = {
						CreatedOnToolsVersion = 14.2;
						TestTargetID = 0452CE9D29719EE70074F19F;
					};
				};
			};
			buildConfigurationList = 0452CE9929719EE70074F19F /* Build configuration list for PBXProject "Rick&Morty" */;
			compatibilityVersion = "Xcode 14.0";
			developmentRegion = en;
			hasScannedForEncodings = 0;
			knownRegions = (
				en,
				Base,
			);
			mainGroup = 0452CE9529719EE70074F19F;
			productRefGroup = 0452CE9F29719EE80074F19F /* Products */;
			projectDirPath = "";
			projectRoot = "";
			targets = (
				0452CE9D29719EE70074F19F /* Rick&Morty */,
				0452CEB229719EE90074F19F /* Rick&MortyTests */,
				0452CEBC29719EE90074F19F /* Rick&MortyUITests */,
			);
		};
/* End PBXProject section */

/* Begin PBXResourcesBuildPhase section */
		0452CE9C29719EE70074F19F /* Resources */ = {
			isa = PBXResourcesBuildPhase;
			buildActionMask = 2147483647;
			files = (
				0452CEA929719EE90074F19F /* Preview Assets.xcassets in Resources */,
				0452CEA629719EE90074F19F /* Assets.xcassets in Resources */,
			);
			runOnlyForDeploymentPostprocessing = 0;
		};
		0452CEB129719EE90074F19F /* Resources */ = {
			isa = PBXResourcesBuildPhase;
			buildActionMask = 2147483647;
			files = (
			);
			runOnlyForDeploymentPostprocessing = 0;
		};
		0452CEBB29719EE90074F19F /* Resources */ = {
			isa = PBXResourcesBuildPhase;
			buildActionMask = 2147483647;
			files = (
			);
			runOnlyForDeploymentPostprocessing = 0;
		};
/* End PBXResourcesBuildPhase section */

/* Begin PBXSourcesBuildPhase section */
		0452CE9A29719EE70074F19F /* Sources */ = {
			isa = PBXSourcesBuildPhase;
			buildActionMask = 2147483647;
			files = (
				0452CEAB29719EE90074F19F /* Persistence.swift in Sources */,
				0452CED52971C76E0074F19F /* MainView.swift in Sources */,
				0452CED12971A1A10074F19F /* APIFetcher.swift in Sources */,
				0452CED32971A2650074F19F /* Model.swift in Sources */,
				0452CEAE29719EE90074F19F /* Rick_Morty.xcdatamodeld in Sources */,
				0452CEA229719EE80074F19F /* Rick_MortyApp.swift in Sources */,
			);
			runOnlyForDeploymentPostprocessing = 0;
		};
		0452CEAF29719EE90074F19F /* Sources */ = {
			isa = PBXSourcesBuildPhase;
			buildActionMask = 2147483647;
			files = (
				0449E3ED2971FA3A0045010A /* APIFetcherUnitTests.swift in Sources */,
				0452CEB829719EE90074F19F /* Rick_MortyTests.swift in Sources */,
			);
			runOnlyForDeploymentPostprocessing = 0;
		};
		0452CEB929719EE90074F19F /* Sources */ = {
			isa = PBXSourcesBuildPhase;
			buildActionMask = 2147483647;
			files = (
				0452CEC229719EE90074F19F /* Rick_MortyUITests.swift in Sources */,
				0452CEC429719EE90074F19F /* Rick_MortyUITestsLaunchTests.swift in Sources */,
			);
			runOnlyForDeploymentPostprocessing = 0;
		};
/* End PBXSourcesBuildPhase section */

/* Begin PBXTargetDependency section */
		0452CEB529719EE90074F19F /* PBXTargetDependency */ = {
			isa = PBXTargetDependency;
			target = 0452CE9D29719EE70074F19F /* Rick&Morty */;
			targetProxy = 0452CEB429719EE90074F19F /* PBXContainerItemProxy */;
		};
		0452CEBF29719EE90074F19F /* PBXTargetDependency */ = {
			isa = PBXTargetDependency;
			target = 0452CE9D29719EE70074F19F /* Rick&Morty */;
			targetProxy = 0452CEBE29719EE90074F19F /* PBXContainerItemProxy */;
		};
/* End PBXTargetDependency section */

/* Begin XCBuildConfiguration section */
		0452CEC529719EE90074F19F /* Debug */ = {
			isa = XCBuildConfiguration;
			buildSettings = {
				ALWAYS_SEARCH_USER_PATHS = NO;
				CLANG_ANALYZER_NONNULL = YES;
				CLANG_ANALYZER_NUMBER_OBJECT_CONVERSION = YES_AGGRESSIVE;
				CLANG_CXX_LANGUAGE_STANDARD = "gnu++20";
				CLANG_ENABLE_MODULES = YES;
				CLANG_ENABLE_OBJC_ARC = YES;
				CLANG_ENABLE_OBJC_WEAK = YES;
				CLANG_WARN_BLOCK_CAPTURE_AUTORELEASING = YES;
				CLANG_WARN_BOOL_CONVERSION = YES;
				CLANG_WARN_COMMA = YES;
				CLANG_WARN_CONSTANT_CONVERSION = YES;
				CLANG_WARN_DEPRECATED_OBJC_IMPLEMENTATIONS = YES;
				CLANG_WARN_DIRECT_OBJC_ISA_USAGE = YES_ERROR;
				CLANG_WARN_DOCUMENTATION_COMMENTS = YES;
				CLANG_WARN_EMPTY_BODY = YES;
				CLANG_WARN_ENUM_CONVERSION = YES;
				CLANG_WARN_INFINITE_RECURSION = YES;
				CLANG_WARN_INT_CONVERSION = YES;
				CLANG_WARN_NON_LITERAL_NULL_CONVERSION = YES;
				CLANG_WARN_OBJC_IMPLICIT_RETAIN_SELF = YES;
				CLANG_WARN_OBJC_LITERAL_CONVERSION = YES;
				CLANG_WARN_OBJC_ROOT_CLASS = YES_ERROR;
				CLANG_WARN_QUOTED_INCLUDE_IN_FRAMEWORK_HEADER = YES;
				CLANG_WARN_RANGE_LOOP_ANALYSIS = YES;
				CLANG_WARN_STRICT_PROTOTYPES = YES;
				CLANG_WARN_SUSPICIOUS_MOVE = YES;
				CLANG_WARN_UNGUARDED_AVAILABILITY = YES_AGGRESSIVE;
				CLANG_WARN_UNREACHABLE_CODE = YES;
				CLANG_WARN__DUPLICATE_METHOD_MATCH = YES;
				COPY_PHASE_STRIP = NO;
				DEBUG_INFORMATION_FORMAT = dwarf;
				ENABLE_STRICT_OBJC_MSGSEND = YES;
				ENABLE_TESTABILITY = YES;
				GCC_C_LANGUAGE_STANDARD = gnu11;
				GCC_DYNAMIC_NO_PIC = NO;
				GCC_NO_COMMON_BLOCKS = YES;
				GCC_OPTIMIZATION_LEVEL = 0;
				GCC_PREPROCESSOR_DEFINITIONS = (
					"DEBUG=1",
					"$(inherited)",
				);
				GCC_WARN_64_TO_32_BIT_CONVERSION = YES;
				GCC_WARN_ABOUT_RETURN_TYPE = YES_ERROR;
				GCC_WARN_UNDECLARED_SELECTOR = YES;
				GCC_WARN_UNINITIALIZED_AUTOS = YES_AGGRESSIVE;
				GCC_WARN_UNUSED_FUNCTION = YES;
				GCC_WARN_UNUSED_VARIABLE = YES;
				IPHONEOS_DEPLOYMENT_TARGET = 16.2;
				MTL_ENABLE_DEBUG_INFO = INCLUDE_SOURCE;
				MTL_FAST_MATH = YES;
				ONLY_ACTIVE_ARCH = YES;
				SDKROOT = iphoneos;
				SWIFT_ACTIVE_COMPILATION_CONDITIONS = DEBUG;
				SWIFT_OPTIMIZATION_LEVEL = "-Onone";
			};
			name = Debug;
		};
		0452CEC629719EE90074F19F /* Release */ = {
			isa = XCBuildConfiguration;
			buildSettings = {
				ALWAYS_SEARCH_USER_PATHS = NO;
				CLANG_ANALYZER_NONNULL = YES;
				CLANG_ANALYZER_NUMBER_OBJECT_CONVERSION = YES_AGGRESSIVE;
				CLANG_CXX_LANGUAGE_STANDARD = "gnu++20";
				CLANG_ENABLE_MODULES = YES;
				CLANG_ENABLE_OBJC_ARC = YES;
				CLANG_ENABLE_OBJC_WEAK = YES;
				CLANG_WARN_BLOCK_CAPTURE_AUTORELEASING = YES;
				CLANG_WARN_BOOL_CONVERSION = YES;
				CLANG_WARN_COMMA = YES;
				CLANG_WARN_CONSTANT_CONVERSION = YES;
				CLANG_WARN_DEPRECATED_OBJC_IMPLEMENTATIONS = YES;
				CLANG_WARN_DIRECT_OBJC_ISA_USAGE = YES_ERROR;
				CLANG_WARN_DOCUMENTATION_COMMENTS = YES;
				CLANG_WARN_EMPTY_BODY = YES;
				CLANG_WARN_ENUM_CONVERSION = YES;
				CLANG_WARN_INFINITE_RECURSION = YES;
				CLANG_WARN_INT_CONVERSION = YES;
				CLANG_WARN_NON_LITERAL_NULL_CONVERSION = YES;
				CLANG_WARN_OBJC_IMPLICIT_RETAIN_SELF = YES;
				CLANG_WARN_OBJC_LITERAL_CONVERSION = YES;
				CLANG_WARN_OBJC_ROOT_CLASS = YES_ERROR;
				CLANG_WARN_QUOTED_INCLUDE_IN_FRAMEWORK_HEADER = YES;
				CLANG_WARN_RANGE_LOOP_ANALYSIS = YES;
				CLANG_WARN_STRICT_PROTOTYPES = YES;
				CLANG_WARN_SUSPICIOUS_MOVE = YES;
				CLANG_WARN_UNGUARDED_AVAILABILITY = YES_AGGRESSIVE;
				CLANG_WARN_UNREACHABLE_CODE = YES;
				CLANG_WARN__DUPLICATE_METHOD_MATCH = YES;
				COPY_PHASE_STRIP = NO;
				DEBUG_INFORMATION_FORMAT = "dwarf-with-dsym";
				ENABLE_NS_ASSERTIONS = NO;
				ENABLE_STRICT_OBJC_MSGSEND = YES;
				GCC_C_LANGUAGE_STANDARD = gnu11;
				GCC_NO_COMMON_BLOCKS = YES;
				GCC_WARN_64_TO_32_BIT_CONVERSION = YES;
				GCC_WARN_ABOUT_RETURN_TYPE = YES_ERROR;
				GCC_WARN_UNDECLARED_SELECTOR = YES;
				GCC_WARN_UNINITIALIZED_AUTOS = YES_AGGRESSIVE;
				GCC_WARN_UNUSED_FUNCTION = YES;
				GCC_WARN_UNUSED_VARIABLE = YES;
				IPHONEOS_DEPLOYMENT_TARGET = 16.2;
				MTL_ENABLE_DEBUG_INFO = NO;
				MTL_FAST_MATH = YES;
				SDKROOT = iphoneos;
				SWIFT_COMPILATION_MODE = wholemodule;
				SWIFT_OPTIMIZATION_LEVEL = "-O";
				VALIDATE_PRODUCT = YES;
			};
			name = Release;
		};
		0452CEC829719EE90074F19F /* Debug */ = {
			isa = XCBuildConfiguration;
			buildSettings = {
				ASSETCATALOG_COMPILER_APPICON_NAME = AppIcon;
				ASSETCATALOG_COMPILER_GLOBAL_ACCENT_COLOR_NAME = AccentColor;
				CODE_SIGN_STYLE = Automatic;
				CURRENT_PROJECT_VERSION = 1;
				DEVELOPMENT_ASSET_PATHS = "\"Rick&Morty/Preview Content\"";
				ENABLE_PREVIEWS = YES;
				GENERATE_INFOPLIST_FILE = YES;
				INFOPLIST_FILE = "Rick-Morty-Info.plist";
				INFOPLIST_KEY_UIApplicationSupportsIndirectInputEvents = YES;
				INFOPLIST_KEY_UILaunchScreen_Generation = YES;
				INFOPLIST_KEY_UISupportedInterfaceOrientations_iPad = "UIInterfaceOrientationPortrait UIInterfaceOrientationPortraitUpsideDown UIInterfaceOrientationLandscapeLeft UIInterfaceOrientationLandscapeRight";
				INFOPLIST_KEY_UISupportedInterfaceOrientations_iPhone = "UIInterfaceOrientationPortrait UIInterfaceOrientationLandscapeLeft UIInterfaceOrientationLandscapeRight";
				LD_RUNPATH_SEARCH_PATHS = (
					"$(inherited)",
					"@executable_path/Frameworks",
				);
				MARKETING_VERSION = 1.0;
				PRODUCT_BUNDLE_IDENTIFIER = "rominkgo.Rick-Morty";
				PRODUCT_NAME = "$(TARGET_NAME)";
				SWIFT_EMIT_LOC_STRINGS = YES;
				SWIFT_VERSION = 5.0;
				TARGETED_DEVICE_FAMILY = "1,2";
			};
			name = Debug;
		};
		0452CEC929719EE90074F19F /* Release */ = {
			isa = XCBuildConfiguration;
			buildSettings = {
				ASSETCATALOG_COMPILER_APPICON_NAME = AppIcon;
				ASSETCATALOG_COMPILER_GLOBAL_ACCENT_COLOR_NAME = AccentColor;
				CODE_SIGN_STYLE = Automatic;
				CURRENT_PROJECT_VERSION = 1;
				DEVELOPMENT_ASSET_PATHS = "\"Rick&Morty/Preview Content\"";
				ENABLE_PREVIEWS = YES;
				GENERATE_INFOPLIST_FILE = YES;
				INFOPLIST_FILE = "Rick-Morty-Info.plist";
				INFOPLIST_KEY_UIApplicationSupportsIndirectInputEvents = YES;
				INFOPLIST_KEY_UILaunchScreen_Generation = YES;
				INFOPLIST_KEY_UISupportedInterfaceOrientations_iPad = "UIInterfaceOrientationPortrait UIInterfaceOrientationPortraitUpsideDown UIInterfaceOrientationLandscapeLeft UIInterfaceOrientationLandscapeRight";
				INFOPLIST_KEY_UISupportedInterfaceOrientations_iPhone = "UIInterfaceOrientationPortrait UIInterfaceOrientationLandscapeLeft UIInterfaceOrientationLandscapeRight";
				LD_RUNPATH_SEARCH_PATHS = (
					"$(inherited)",
					"@executable_path/Frameworks",
				);
				MARKETING_VERSION = 1.0;
				PRODUCT_BUNDLE_IDENTIFIER = "rominkgo.Rick-Morty";
				PRODUCT_NAME = "$(TARGET_NAME)";
				SWIFT_EMIT_LOC_STRINGS = YES;
				SWIFT_VERSION = 5.0;
				TARGETED_DEVICE_FAMILY = "1,2";
			};
			name = Release;
		};
		0452CECB29719EE90074F19F /* Debug */ = {
			isa = XCBuildConfiguration;
			buildSettings = {
				ALWAYS_EMBED_SWIFT_STANDARD_LIBRARIES = YES;
				BUNDLE_LOADER = "$(TEST_HOST)";
				CODE_SIGN_STYLE = Automatic;
				CURRENT_PROJECT_VERSION = 1;
				GENERATE_INFOPLIST_FILE = YES;
				IPHONEOS_DEPLOYMENT_TARGET = 16.2;
				MARKETING_VERSION = 1.0;
				PRODUCT_BUNDLE_IDENTIFIER = "rominkgo.Rick-MortyTests";
				PRODUCT_NAME = "$(TARGET_NAME)";
				SWIFT_EMIT_LOC_STRINGS = NO;
				SWIFT_VERSION = 5.0;
				TARGETED_DEVICE_FAMILY = "1,2";
				TEST_HOST = "$(BUILT_PRODUCTS_DIR)/Rick&Morty.app/$(BUNDLE_EXECUTABLE_FOLDER_PATH)/Rick&Morty";
			};
			name = Debug;
		};
		0452CECC29719EE90074F19F /* Release */ = {
			isa = XCBuildConfiguration;
			buildSettings = {
				ALWAYS_EMBED_SWIFT_STANDARD_LIBRARIES = YES;
				BUNDLE_LOADER = "$(TEST_HOST)";
				CODE_SIGN_STYLE = Automatic;
				CURRENT_PROJECT_VERSION = 1;
				GENERATE_INFOPLIST_FILE = YES;
				IPHONEOS_DEPLOYMENT_TARGET = 16.2;
				MARKETING_VERSION = 1.0;
				PRODUCT_BUNDLE_IDENTIFIER = "rominkgo.Rick-MortyTests";
				PRODUCT_NAME = "$(TARGET_NAME)";
				SWIFT_EMIT_LOC_STRINGS = NO;
				SWIFT_VERSION = 5.0;
				TARGETED_DEVICE_FAMILY = "1,2";
				TEST_HOST = "$(BUILT_PRODUCTS_DIR)/Rick&Morty.app/$(BUNDLE_EXECUTABLE_FOLDER_PATH)/Rick&Morty";
			};
			name = Release;
		};
		0452CECE29719EE90074F19F /* Debug */ = {
			isa = XCBuildConfiguration;
			buildSettings = {
				ALWAYS_EMBED_SWIFT_STANDARD_LIBRARIES = YES;
				CODE_SIGN_STYLE = Automatic;
				CURRENT_PROJECT_VERSION = 1;
				GENERATE_INFOPLIST_FILE = YES;
				MARKETING_VERSION = 1.0;
				PRODUCT_BUNDLE_IDENTIFIER = "rominkgo.Rick-MortyUITests";
				PRODUCT_NAME = "$(TARGET_NAME)";
				SWIFT_EMIT_LOC_STRINGS = NO;
				SWIFT_VERSION = 5.0;
				TARGETED_DEVICE_FAMILY = "1,2";
				TEST_TARGET_NAME = "Rick&Morty";
			};
			name = Debug;
		};
		0452CECF29719EE90074F19F /* Release */ = {
			isa = XCBuildConfiguration;
			buildSettings = {
				ALWAYS_EMBED_SWIFT_STANDARD_LIBRARIES = YES;
				CODE_SIGN_STYLE = Automatic;
				CURRENT_PROJECT_VERSION = 1;
				GENERATE_INFOPLIST_FILE = YES;
				MARKETING_VERSION = 1.0;
				PRODUCT_BUNDLE_IDENTIFIER = "rominkgo.Rick-MortyUITests";
				PRODUCT_NAME = "$(TARGET_NAME)";
				SWIFT_EMIT_LOC_STRINGS = NO;
				SWIFT_VERSION = 5.0;
				TARGETED_DEVICE_FAMILY = "1,2";
				TEST_TARGET_NAME = "Rick&Morty";
			};
			name = Release;
		};
/* End XCBuildConfiguration section */

/* Begin XCConfigurationList section */
		0452CE9929719EE70074F19F /* Build configuration list for PBXProject "Rick&Morty" */ = {
			isa = XCConfigurationList;
			buildConfigurations = (
				0452CEC529719EE90074F19F /* Debug */,
				0452CEC629719EE90074F19F /* Release */,
			);
			defaultConfigurationIsVisible = 0;
			defaultConfigurationName = Release;
		};
		0452CEC729719EE90074F19F /* Build configuration list for PBXNativeTarget "Rick&Morty" */ = {
			isa = XCConfigurationList;
			buildConfigurations = (
				0452CEC829719EE90074F19F /* Debug */,
				0452CEC929719EE90074F19F /* Release */,
			);
			defaultConfigurationIsVisible = 0;
			defaultConfigurationName = Release;
		};
		0452CECA29719EE90074F19F /* Build configuration list for PBXNativeTarget "Rick&MortyTests" */ = {
			isa = XCConfigurationList;
			buildConfigurations = (
				0452CECB29719EE90074F19F /* Debug */,
				0452CECC29719EE90074F19F /* Release */,
			);
			defaultConfigurationIsVisible = 0;
			defaultConfigurationName = Release;
		};
		0452CECD29719EE90074F19F /* Build configuration list for PBXNativeTarget "Rick&MortyUITests" */ = {
			isa = XCConfigurationList;
			buildConfigurations = (
				0452CECE29719EE90074F19F /* Debug */,
				0452CECF29719EE90074F19F /* Release */,
			);
			defaultConfigurationIsVisible = 0;
			defaultConfigurationName = Release;
		};
/* End XCConfigurationList section */

/* Begin XCVersionGroup section */
		0452CEAC29719EE90074F19F /* Rick_Morty.xcdatamodeld */ = {
			isa = XCVersionGroup;
			children = (
				0452CEAD29719EE90074F19F /* Rick_Morty.xcdatamodel */,
			);
			currentVersion = 0452CEAD29719EE90074F19F /* Rick_Morty.xcdatamodel */;
			path = Rick_Morty.xcdatamodeld;
			sourceTree = "<group>";
			versionGroupType = wrapper.xcdatamodel;
		};
/* End XCVersionGroup section */
	};
	rootObject = 0452CE9629719EE70074F19F /* Project object */;
}
